// !$*UTF8*$!
{
	archiveVersion = 1;
	classes = {
	};
	objectVersion = 56;
	objects = {

/* Begin PBXBuildFile section */
		B632FD752B95BDB000EE2CA8 /* AppDelegate.swift in Sources */ = {isa = PBXBuildFile; fileRef = B632FD742B95BDB000EE2CA8 /* AppDelegate.swift */; };
		B632FD772B95BDB000EE2CA8 /* SceneDelegate.swift in Sources */ = {isa = PBXBuildFile; fileRef = B632FD762B95BDB000EE2CA8 /* SceneDelegate.swift */; };
		B632FD792B95BDB000EE2CA8 /* HomeVC.swift in Sources */ = {isa = PBXBuildFile; fileRef = B632FD782B95BDB000EE2CA8 /* HomeVC.swift */; };
		B632FD7E2B95BDB300EE2CA8 /* Assets.xcassets in Resources */ = {isa = PBXBuildFile; fileRef = B632FD7D2B95BDB300EE2CA8 /* Assets.xcassets */; };
		B632FD812B95BDB300EE2CA8 /* LaunchScreen.storyboard in Resources */ = {isa = PBXBuildFile; fileRef = B632FD7F2B95BDB300EE2CA8 /* LaunchScreen.storyboard */; };
		B632FD8F2B96109800EE2CA8 /* Location.swift in Sources */ = {isa = PBXBuildFile; fileRef = B632FD8E2B96109800EE2CA8 /* Location.swift */; };
		B632FD922B96164A00EE2CA8 /* WTError.swift in Sources */ = {isa = PBXBuildFile; fileRef = B632FD912B96164A00EE2CA8 /* WTError.swift */; };
		B632FD962B961A7700EE2CA8 /* WTEmptyStateView.swift in Sources */ = {isa = PBXBuildFile; fileRef = B632FD952B961A7700EE2CA8 /* WTEmptyStateView.swift */; };
		B632FD982B961AC400EE2CA8 /* WTTitleLabel.swift in Sources */ = {isa = PBXBuildFile; fileRef = B632FD972B961AC400EE2CA8 /* WTTitleLabel.swift */; };
		B632FD9C2B96225800EE2CA8 /* UIViewController+Ext.swift in Sources */ = {isa = PBXBuildFile; fileRef = B632FD9B2B96225800EE2CA8 /* UIViewController+Ext.swift */; };
		B632FD9E2B9625B600EE2CA8 /* WTBodyLabel.swift in Sources */ = {isa = PBXBuildFile; fileRef = B632FD9D2B9625B600EE2CA8 /* WTBodyLabel.swift */; };
		B632FDA12B96B3E400EE2CA8 /* NetworkManager.swift in Sources */ = {isa = PBXBuildFile; fileRef = B632FDA02B96B3E400EE2CA8 /* NetworkManager.swift */; };
		B632FDA32B96B3F000EE2CA8 /* PersistenceManager.swift in Sources */ = {isa = PBXBuildFile; fileRef = B632FDA22B96B3F000EE2CA8 /* PersistenceManager.swift */; };
		B632FDA52B96BB5800EE2CA8 /* MapVC.swift in Sources */ = {isa = PBXBuildFile; fileRef = B632FDA42B96BB5800EE2CA8 /* MapVC.swift */; };
		B632FDA72B97127000EE2CA8 /* UIHelper.swift in Sources */ = {isa = PBXBuildFile; fileRef = B632FDA62B97127000EE2CA8 /* UIHelper.swift */; };
		B632FDA92B971A9E00EE2CA8 /* BookmarkCell.swift in Sources */ = {isa = PBXBuildFile; fileRef = B632FDA82B971A9E00EE2CA8 /* BookmarkCell.swift */; };
		B632FDAC2B975A8100EE2CA8 /* WTItemInfoView.swift in Sources */ = {isa = PBXBuildFile; fileRef = B632FDAB2B975A8100EE2CA8 /* WTItemInfoView.swift */; };
		B632FDAF2B975C2E00EE2CA8 /* CityVC.swift in Sources */ = {isa = PBXBuildFile; fileRef = B632FDAE2B975C2E00EE2CA8 /* CityVC.swift */; };
		B632FDB12B97846D00EE2CA8 /* Constants.swift in Sources */ = {isa = PBXBuildFile; fileRef = B632FDB02B97846D00EE2CA8 /* Constants.swift */; };
		B632FDB32B982A5B00EE2CA8 /* SettingVC.swift in Sources */ = {isa = PBXBuildFile; fileRef = B632FDB22B982A5B00EE2CA8 /* SettingVC.swift */; };
		B632FDB62B98303900EE2CA8 /* RowButton.swift in Sources */ = {isa = PBXBuildFile; fileRef = B632FDB52B98303900EE2CA8 /* RowButton.swift */; };
/* End PBXBuildFile section */

/* Begin PBXFileReference section */
		B632FD712B95BDB000EE2CA8 /* Weather.app */ = {isa = PBXFileReference; explicitFileType = wrapper.application; includeInIndex = 0; path = Weather.app; sourceTree = BUILT_PRODUCTS_DIR; };
		B632FD742B95BDB000EE2CA8 /* AppDelegate.swift */ = {isa = PBXFileReference; lastKnownFileType = sourcecode.swift; path = AppDelegate.swift; sourceTree = "<group>"; };
		B632FD762B95BDB000EE2CA8 /* SceneDelegate.swift */ = {isa = PBXFileReference; lastKnownFileType = sourcecode.swift; path = SceneDelegate.swift; sourceTree = "<group>"; };
		B632FD782B95BDB000EE2CA8 /* HomeVC.swift */ = {isa = PBXFileReference; lastKnownFileType = sourcecode.swift; path = HomeVC.swift; sourceTree = "<group>"; };
		B632FD7D2B95BDB300EE2CA8 /* Assets.xcassets */ = {isa = PBXFileReference; lastKnownFileType = folder.assetcatalog; path = Assets.xcassets; sourceTree = "<group>"; };
		B632FD802B95BDB300EE2CA8 /* Base */ = {isa = PBXFileReference; lastKnownFileType = file.storyboard; name = Base; path = Base.lproj/LaunchScreen.storyboard; sourceTree = "<group>"; };
		B632FD822B95BDB300EE2CA8 /* Info.plist */ = {isa = PBXFileReference; lastKnownFileType = text.plist.xml; path = Info.plist; sourceTree = "<group>"; };
		B632FD8E2B96109800EE2CA8 /* Location.swift */ = {isa = PBXFileReference; lastKnownFileType = sourcecode.swift; path = Location.swift; sourceTree = "<group>"; };
		B632FD912B96164A00EE2CA8 /* WTError.swift */ = {isa = PBXFileReference; lastKnownFileType = sourcecode.swift; path = WTError.swift; sourceTree = "<group>"; };
		B632FD952B961A7700EE2CA8 /* WTEmptyStateView.swift */ = {isa = PBXFileReference; lastKnownFileType = sourcecode.swift; path = WTEmptyStateView.swift; sourceTree = "<group>"; };
		B632FD972B961AC400EE2CA8 /* WTTitleLabel.swift */ = {isa = PBXFileReference; lastKnownFileType = sourcecode.swift; path = WTTitleLabel.swift; sourceTree = "<group>"; };
		B632FD9B2B96225800EE2CA8 /* UIViewController+Ext.swift */ = {isa = PBXFileReference; lastKnownFileType = sourcecode.swift; path = "UIViewController+Ext.swift"; sourceTree = "<group>"; };
		B632FD9D2B9625B600EE2CA8 /* WTBodyLabel.swift */ = {isa = PBXFileReference; fileEncoding = 4; lastKnownFileType = sourcecode.swift; path = WTBodyLabel.swift; sourceTree = "<group>"; };
		B632FDA02B96B3E400EE2CA8 /* NetworkManager.swift */ = {isa = PBXFileReference; lastKnownFileType = sourcecode.swift; path = NetworkManager.swift; sourceTree = "<group>"; };
		B632FDA22B96B3F000EE2CA8 /* PersistenceManager.swift */ = {isa = PBXFileReference; lastKnownFileType = sourcecode.swift; path = PersistenceManager.swift; sourceTree = "<group>"; };
		B632FDA42B96BB5800EE2CA8 /* MapVC.swift */ = {isa = PBXFileReference; lastKnownFileType = sourcecode.swift; path = MapVC.swift; sourceTree = "<group>"; };
		B632FDA62B97127000EE2CA8 /* UIHelper.swift */ = {isa = PBXFileReference; lastKnownFileType = sourcecode.swift; path = UIHelper.swift; sourceTree = "<group>"; };
		B632FDA82B971A9E00EE2CA8 /* BookmarkCell.swift */ = {isa = PBXFileReference; lastKnownFileType = sourcecode.swift; path = BookmarkCell.swift; sourceTree = "<group>"; };
		B632FDAB2B975A8100EE2CA8 /* WTItemInfoView.swift */ = {isa = PBXFileReference; lastKnownFileType = sourcecode.swift; path = WTItemInfoView.swift; sourceTree = "<group>"; };
		B632FDAE2B975C2E00EE2CA8 /* CityVC.swift */ = {isa = PBXFileReference; lastKnownFileType = sourcecode.swift; path = CityVC.swift; sourceTree = "<group>"; };
		B632FDB02B97846D00EE2CA8 /* Constants.swift */ = {isa = PBXFileReference; fileEncoding = 4; lastKnownFileType = sourcecode.swift; path = Constants.swift; sourceTree = "<group>"; };
		B632FDB22B982A5B00EE2CA8 /* SettingVC.swift */ = {isa = PBXFileReference; lastKnownFileType = sourcecode.swift; path = SettingVC.swift; sourceTree = "<group>"; };
		B632FDB52B98303900EE2CA8 /* RowButton.swift */ = {isa = PBXFileReference; lastKnownFileType = sourcecode.swift; path = RowButton.swift; sourceTree = "<group>"; };
/* End PBXFileReference section */

/* Begin PBXFrameworksBuildPhase section */
		B632FD6E2B95BDB000EE2CA8 /* Frameworks */ = {
			isa = PBXFrameworksBuildPhase;
			buildActionMask = 2147483647;
			files = (
			);
			runOnlyForDeploymentPostprocessing = 0;
		};
/* End PBXFrameworksBuildPhase section */

/* Begin PBXGroup section */
		B632FD682B95BDB000EE2CA8 = {
			isa = PBXGroup;
			children = (
				B632FD732B95BDB000EE2CA8 /* Weather */,
				B632FD722B95BDB000EE2CA8 /* Products */,
			);
			sourceTree = "<group>";
		};
		B632FD722B95BDB000EE2CA8 /* Products */ = {
			isa = PBXGroup;
			children = (
				B632FD712B95BDB000EE2CA8 /* Weather.app */,
			);
			name = Products;
			sourceTree = "<group>";
		};
		B632FD732B95BDB000EE2CA8 /* Weather */ = {
			isa = PBXGroup;
			children = (
				B632FD742B95BDB000EE2CA8 /* AppDelegate.swift */,
				B632FD762B95BDB000EE2CA8 /* SceneDelegate.swift */,
				B632FD8C2B95DDEF00EE2CA8 /* Screens */,
				B632FD932B961A1B00EE2CA8 /* Custom Views */,
				B632FD9F2B96B35400EE2CA8 /* Managers */,
				B632FD902B96162200EE2CA8 /* Ultilities */,
				B632FD8D2B96108200EE2CA8 /* Models */,
				B632FD9A2B96223D00EE2CA8 /* Extensions */,
				B632FD7D2B95BDB300EE2CA8 /* Assets.xcassets */,
				B632FD7F2B95BDB300EE2CA8 /* LaunchScreen.storyboard */,
				B632FD822B95BDB300EE2CA8 /* Info.plist */,
			);
			path = Weather;
			sourceTree = "<group>";
		};
		B632FD8C2B95DDEF00EE2CA8 /* Screens */ = {
			isa = PBXGroup;
			children = (
				B632FD782B95BDB000EE2CA8 /* HomeVC.swift */,
				B632FDA42B96BB5800EE2CA8 /* MapVC.swift */,
				B632FDAE2B975C2E00EE2CA8 /* CityVC.swift */,
				B632FDB22B982A5B00EE2CA8 /* SettingVC.swift */,
			);
			path = Screens;
			sourceTree = "<group>";
		};
		B632FD8D2B96108200EE2CA8 /* Models */ = {
			isa = PBXGroup;
			children = (
				B632FD8E2B96109800EE2CA8 /* Location.swift */,
			);
			path = Models;
			sourceTree = "<group>";
		};
		B632FD902B96162200EE2CA8 /* Ultilities */ = {
			isa = PBXGroup;
			children = (
				B632FD912B96164A00EE2CA8 /* WTError.swift */,
				B632FDA62B97127000EE2CA8 /* UIHelper.swift */,
				B632FDB02B97846D00EE2CA8 /* Constants.swift */,
			);
			path = Ultilities;
			sourceTree = "<group>";
		};
		B632FD932B961A1B00EE2CA8 /* Custom Views */ = {
			isa = PBXGroup;
			children = (
				B632FDB42B98301500EE2CA8 /* Buttons */,
				B632FDAA2B971AA500EE2CA8 /* Cells */,
				B632FD992B961ACB00EE2CA8 /* Labels */,
				B632FD942B961A3D00EE2CA8 /* Views */,
			);
			path = "Custom Views";
			sourceTree = "<group>";
		};
		B632FD942B961A3D00EE2CA8 /* Views */ = {
			isa = PBXGroup;
			children = (
				B632FD952B961A7700EE2CA8 /* WTEmptyStateView.swift */,
				B632FDAB2B975A8100EE2CA8 /* WTItemInfoView.swift */,
			);
			path = Views;
			sourceTree = "<group>";
		};
		B632FD992B961ACB00EE2CA8 /* Labels */ = {
			isa = PBXGroup;
			children = (
				B632FD972B961AC400EE2CA8 /* WTTitleLabel.swift */,
				B632FD9D2B9625B600EE2CA8 /* WTBodyLabel.swift */,
			);
			path = Labels;
			sourceTree = "<group>";
		};
		B632FD9A2B96223D00EE2CA8 /* Extensions */ = {
			isa = PBXGroup;
			children = (
				B632FD9B2B96225800EE2CA8 /* UIViewController+Ext.swift */,
			);
			path = Extensions;
			sourceTree = "<group>";
		};
		B632FD9F2B96B35400EE2CA8 /* Managers */ = {
			isa = PBXGroup;
			children = (
				B632FDA02B96B3E400EE2CA8 /* NetworkManager.swift */,
				B632FDA22B96B3F000EE2CA8 /* PersistenceManager.swift */,
			);
			path = Managers;
			sourceTree = "<group>";
		};
		B632FDAA2B971AA500EE2CA8 /* Cells */ = {
			isa = PBXGroup;
			children = (
				B632FDA82B971A9E00EE2CA8 /* BookmarkCell.swift */,
			);
			path = Cells;
			sourceTree = "<group>";
		};
		B632FDB42B98301500EE2CA8 /* Buttons */ = {
			isa = PBXGroup;
			children = (
				B632FDB52B98303900EE2CA8 /* RowButton.swift */,
			);
			path = Buttons;
			sourceTree = "<group>";
		};
/* End PBXGroup section */

/* Begin PBXNativeTarget section */
		B632FD702B95BDB000EE2CA8 /* Weather */ = {
			isa = PBXNativeTarget;
			buildConfigurationList = B632FD852B95BDB300EE2CA8 /* Build configuration list for PBXNativeTarget "Weather" */;
			buildPhases = (
				B632FD6D2B95BDB000EE2CA8 /* Sources */,
				B632FD6E2B95BDB000EE2CA8 /* Frameworks */,
				B632FD6F2B95BDB000EE2CA8 /* Resources */,
			);
			buildRules = (
			);
			dependencies = (
			);
			name = Weather;
			productName = Weather;
			productReference = B632FD712B95BDB000EE2CA8 /* Weather.app */;
			productType = "com.apple.product-type.application";
		};
/* End PBXNativeTarget section */

/* Begin PBXProject section */
		B632FD692B95BDB000EE2CA8 /* Project object */ = {
			isa = PBXProject;
			attributes = {
				BuildIndependentTargetsInParallel = 1;
				LastSwiftUpdateCheck = 1520;
				LastUpgradeCheck = 1520;
				TargetAttributes = {
					B632FD702B95BDB000EE2CA8 = {
						CreatedOnToolsVersion = 15.2;
					};
				};
			};
			buildConfigurationList = B632FD6C2B95BDB000EE2CA8 /* Build configuration list for PBXProject "Weather" */;
			compatibilityVersion = "Xcode 14.0";
			developmentRegion = en;
			hasScannedForEncodings = 0;
			knownRegions = (
				en,
				Base,
			);
			mainGroup = B632FD682B95BDB000EE2CA8;
			productRefGroup = B632FD722B95BDB000EE2CA8 /* Products */;
			projectDirPath = "";
			projectRoot = "";
			targets = (
				B632FD702B95BDB000EE2CA8 /* Weather */,
			);
		};
/* End PBXProject section */

/* Begin PBXResourcesBuildPhase section */
		B632FD6F2B95BDB000EE2CA8 /* Resources */ = {
			isa = PBXResourcesBuildPhase;
			buildActionMask = 2147483647;
			files = (
				B632FD812B95BDB300EE2CA8 /* LaunchScreen.storyboard in Resources */,
				B632FD7E2B95BDB300EE2CA8 /* Assets.xcassets in Resources */,
			);
			runOnlyForDeploymentPostprocessing = 0;
		};
/* End PBXResourcesBuildPhase section */

/* Begin PBXSourcesBuildPhase section */
		B632FD6D2B95BDB000EE2CA8 /* Sources */ = {
			isa = PBXSourcesBuildPhase;
			buildActionMask = 2147483647;
			files = (
				B632FDAC2B975A8100EE2CA8 /* WTItemInfoView.swift in Sources */,
				B632FDB32B982A5B00EE2CA8 /* SettingVC.swift in Sources */,
				B632FDB12B97846D00EE2CA8 /* Constants.swift in Sources */,
				B632FDAF2B975C2E00EE2CA8 /* CityVC.swift in Sources */,
				B632FD792B95BDB000EE2CA8 /* HomeVC.swift in Sources */,
				B632FDB62B98303900EE2CA8 /* RowButton.swift in Sources */,
				B632FD962B961A7700EE2CA8 /* WTEmptyStateView.swift in Sources */,
				B632FDA52B96BB5800EE2CA8 /* MapVC.swift in Sources */,
				B632FD982B961AC400EE2CA8 /* WTTitleLabel.swift in Sources */,
				B632FDA32B96B3F000EE2CA8 /* PersistenceManager.swift in Sources */,
				B632FDA92B971A9E00EE2CA8 /* BookmarkCell.swift in Sources */,
				B632FDA12B96B3E400EE2CA8 /* NetworkManager.swift in Sources */,
				B632FD8F2B96109800EE2CA8 /* Location.swift in Sources */,
				B632FD922B96164A00EE2CA8 /* WTError.swift in Sources */,
				B632FD752B95BDB000EE2CA8 /* AppDelegate.swift in Sources */,
				B632FD772B95BDB000EE2CA8 /* SceneDelegate.swift in Sources */,
				B632FD9C2B96225800EE2CA8 /* UIViewController+Ext.swift in Sources */,
				B632FD9E2B9625B600EE2CA8 /* WTBodyLabel.swift in Sources */,
				B632FDA72B97127000EE2CA8 /* UIHelper.swift in Sources */,
			);
			runOnlyForDeploymentPostprocessing = 0;
		};
/* End PBXSourcesBuildPhase section */

/* Begin PBXVariantGroup section */
		B632FD7F2B95BDB300EE2CA8 /* LaunchScreen.storyboard */ = {
			isa = PBXVariantGroup;
			children = (
				B632FD802B95BDB300EE2CA8 /* Base */,
			);
			name = LaunchScreen.storyboard;
			sourceTree = "<group>";
		};
/* End PBXVariantGroup section */

/* Begin XCBuildConfiguration section */
		B632FD832B95BDB300EE2CA8 /* Debug */ = {
			isa = XCBuildConfiguration;
			buildSettings = {
				ALWAYS_SEARCH_USER_PATHS = NO;
				ASSETCATALOG_COMPILER_GENERATE_SWIFT_ASSET_SYMBOL_EXTENSIONS = YES;
				CLANG_ANALYZER_NONNULL = YES;
				CLANG_ANALYZER_NUMBER_OBJECT_CONVERSION = YES_AGGRESSIVE;
				CLANG_CXX_LANGUAGE_STANDARD = "gnu++20";
				CLANG_ENABLE_MODULES = YES;
				CLANG_ENABLE_OBJC_ARC = YES;
				CLANG_ENABLE_OBJC_WEAK = YES;
				CLANG_WARN_BLOCK_CAPTURE_AUTORELEASING = YES;
				CLANG_WARN_BOOL_CONVERSION = YES;
				CLANG_WARN_COMMA = YES;
				CLANG_WARN_CONSTANT_CONVERSION = YES;
				CLANG_WARN_DEPRECATED_OBJC_IMPLEMENTATIONS = YES;
				CLANG_WARN_DIRECT_OBJC_ISA_USAGE = YES_ERROR;
				CLANG_WARN_DOCUMENTATION_COMMENTS = YES;
				CLANG_WARN_EMPTY_BODY = YES;
				CLANG_WARN_ENUM_CONVERSION = YES;
				CLANG_WARN_INFINITE_RECURSION = YES;
				CLANG_WARN_INT_CONVERSION = YES;
				CLANG_WARN_NON_LITERAL_NULL_CONVERSION = YES;
				CLANG_WARN_OBJC_IMPLICIT_RETAIN_SELF = YES;
				CLANG_WARN_OBJC_LITERAL_CONVERSION = YES;
				CLANG_WARN_OBJC_ROOT_CLASS = YES_ERROR;
				CLANG_WARN_QUOTED_INCLUDE_IN_FRAMEWORK_HEADER = YES;
				CLANG_WARN_RANGE_LOOP_ANALYSIS = YES;
				CLANG_WARN_STRICT_PROTOTYPES = YES;
				CLANG_WARN_SUSPICIOUS_MOVE = YES;
				CLANG_WARN_UNGUARDED_AVAILABILITY = YES_AGGRESSIVE;
				CLANG_WARN_UNREACHABLE_CODE = YES;
				CLANG_WARN__DUPLICATE_METHOD_MATCH = YES;
				COPY_PHASE_STRIP = NO;
				DEBUG_INFORMATION_FORMAT = dwarf;
				ENABLE_STRICT_OBJC_MSGSEND = YES;
				ENABLE_TESTABILITY = YES;
				ENABLE_USER_SCRIPT_SANDBOXING = YES;
				GCC_C_LANGUAGE_STANDARD = gnu17;
				GCC_DYNAMIC_NO_PIC = NO;
				GCC_NO_COMMON_BLOCKS = YES;
				GCC_OPTIMIZATION_LEVEL = 0;
				GCC_PREPROCESSOR_DEFINITIONS = (
					"DEBUG=1",
					"$(inherited)",
				);
				GCC_WARN_64_TO_32_BIT_CONVERSION = YES;
				GCC_WARN_ABOUT_RETURN_TYPE = YES_ERROR;
				GCC_WARN_UNDECLARED_SELECTOR = YES;
				GCC_WARN_UNINITIALIZED_AUTOS = YES_AGGRESSIVE;
				GCC_WARN_UNUSED_FUNCTION = YES;
				GCC_WARN_UNUSED_VARIABLE = YES;
				IPHONEOS_DEPLOYMENT_TARGET = 17.2;
				LOCALIZATION_PREFERS_STRING_CATALOGS = YES;
				MTL_ENABLE_DEBUG_INFO = INCLUDE_SOURCE;
				MTL_FAST_MATH = YES;
				ONLY_ACTIVE_ARCH = YES;
				SDKROOT = iphoneos;
				SWIFT_ACTIVE_COMPILATION_CONDITIONS = "DEBUG $(inherited)";
				SWIFT_OPTIMIZATION_LEVEL = "-Onone";
			};
			name = Debug;
		};
		B632FD842B95BDB300EE2CA8 /* Release */ = {
			isa = XCBuildConfiguration;
			buildSettings = {
				ALWAYS_SEARCH_USER_PATHS = NO;
				ASSETCATALOG_COMPILER_GENERATE_SWIFT_ASSET_SYMBOL_EXTENSIONS = YES;
				CLANG_ANALYZER_NONNULL = YES;
				CLANG_ANALYZER_NUMBER_OBJECT_CONVERSION = YES_AGGRESSIVE;
				CLANG_CXX_LANGUAGE_STANDARD = "gnu++20";
				CLANG_ENABLE_MODULES = YES;
				CLANG_ENABLE_OBJC_ARC = YES;
				CLANG_ENABLE_OBJC_WEAK = YES;
				CLANG_WARN_BLOCK_CAPTURE_AUTORELEASING = YES;
				CLANG_WARN_BOOL_CONVERSION = YES;
				CLANG_WARN_COMMA = YES;
				CLANG_WARN_CONSTANT_CONVERSION = YES;
				CLANG_WARN_DEPRECATED_OBJC_IMPLEMENTATIONS = YES;
				CLANG_WARN_DIRECT_OBJC_ISA_USAGE = YES_ERROR;
				CLANG_WARN_DOCUMENTATION_COMMENTS = YES;
				CLANG_WARN_EMPTY_BODY = YES;
				CLANG_WARN_ENUM_CONVERSION = YES;
				CLANG_WARN_INFINITE_RECURSION = YES;
				CLANG_WARN_INT_CONVERSION = YES;
				CLANG_WARN_NON_LITERAL_NULL_CONVERSION = YES;
				CLANG_WARN_OBJC_IMPLICIT_RETAIN_SELF = YES;
				CLANG_WARN_OBJC_LITERAL_CONVERSION = YES;
				CLANG_WARN_OBJC_ROOT_CLASS = YES_ERROR;
				CLANG_WARN_QUOTED_INCLUDE_IN_FRAMEWORK_HEADER = YES;
				CLANG_WARN_RANGE_LOOP_ANALYSIS = YES;
				CLANG_WARN_STRICT_PROTOTYPES = YES;
				CLANG_WARN_SUSPICIOUS_MOVE = YES;
				CLANG_WARN_UNGUARDED_AVAILABILITY = YES_AGGRESSIVE;
				CLANG_WARN_UNREACHABLE_CODE = YES;
				CLANG_WARN__DUPLICATE_METHOD_MATCH = YES;
				COPY_PHASE_STRIP = NO;
				DEBUG_INFORMATION_FORMAT = "dwarf-with-dsym";
				ENABLE_NS_ASSERTIONS = NO;
				ENABLE_STRICT_OBJC_MSGSEND = YES;
				ENABLE_USER_SCRIPT_SANDBOXING = YES;
				GCC_C_LANGUAGE_STANDARD = gnu17;
				GCC_NO_COMMON_BLOCKS = YES;
				GCC_WARN_64_TO_32_BIT_CONVERSION = YES;
				GCC_WARN_ABOUT_RETURN_TYPE = YES_ERROR;
				GCC_WARN_UNDECLARED_SELECTOR = YES;
				GCC_WARN_UNINITIALIZED_AUTOS = YES_AGGRESSIVE;
				GCC_WARN_UNUSED_FUNCTION = YES;
				GCC_WARN_UNUSED_VARIABLE = YES;
				IPHONEOS_DEPLOYMENT_TARGET = 17.2;
				LOCALIZATION_PREFERS_STRING_CATALOGS = YES;
				MTL_ENABLE_DEBUG_INFO = NO;
				MTL_FAST_MATH = YES;
				SDKROOT = iphoneos;
				SWIFT_COMPILATION_MODE = wholemodule;
				VALIDATE_PRODUCT = YES;
			};
			name = Release;
		};
		B632FD862B95BDB300EE2CA8 /* Debug */ = {
			isa = XCBuildConfiguration;
			buildSettings = {
				ASSETCATALOG_COMPILER_APPICON_NAME = AppIcon;
				ASSETCATALOG_COMPILER_GLOBAL_ACCENT_COLOR_NAME = AccentColor;
				CODE_SIGN_STYLE = Automatic;
				CURRENT_PROJECT_VERSION = 1;
				GENERATE_INFOPLIST_FILE = YES;
				INFOPLIST_FILE = Weather/Info.plist;
				INFOPLIST_KEY_UIApplicationSupportsIndirectInputEvents = YES;
				INFOPLIST_KEY_UILaunchStoryboardName = LaunchScreen;
				INFOPLIST_KEY_UISupportedInterfaceOrientations_iPad = "UIInterfaceOrientationPortrait UIInterfaceOrientationPortraitUpsideDown UIInterfaceOrientationLandscapeLeft UIInterfaceOrientationLandscapeRight";
				INFOPLIST_KEY_UISupportedInterfaceOrientations_iPhone = "UIInterfaceOrientationPortrait UIInterfaceOrientationLandscapeLeft UIInterfaceOrientationLandscapeRight";
				LD_RUNPATH_SEARCH_PATHS = (
					"$(inherited)",
					"@executable_path/Frameworks",
				);
				MARKETING_VERSION = 1.0;
				PRODUCT_BUNDLE_IDENTIFIER = liang0.Weather;
				PRODUCT_NAME = "$(TARGET_NAME)";
				SWIFT_EMIT_LOC_STRINGS = YES;
				SWIFT_VERSION = 5.0;
				TARGETED_DEVICE_FAMILY = "1,2";
			};
			name = Debug;
		};
		B632FD872B95BDB300EE2CA8 /* Release */ = {
			isa = XCBuildConfiguration;
			buildSettings = {
				ASSETCATALOG_COMPILER_APPICON_NAME = AppIcon;
				ASSETCATALOG_COMPILER_GLOBAL_ACCENT_COLOR_NAME = AccentColor;
				CODE_SIGN_STYLE = Automatic;
				CURRENT_PROJECT_VERSION = 1;
				GENERATE_INFOPLIST_FILE = YES;
				INFOPLIST_FILE = Weather/Info.plist;
				INFOPLIST_KEY_UIApplicationSupportsIndirectInputEvents = YES;
				INFOPLIST_KEY_UILaunchStoryboardName = LaunchScreen;
				INFOPLIST_KEY_UISupportedInterfaceOrientations_iPad = "UIInterfaceOrientationPortrait UIInterfaceOrientationPortraitUpsideDown UIInterfaceOrientationLandscapeLeft UIInterfaceOrientationLandscapeRight";
				INFOPLIST_KEY_UISupportedInterfaceOrientations_iPhone = "UIInterfaceOrientationPortrait UIInterfaceOrientationLandscapeLeft UIInterfaceOrientationLandscapeRight";
				LD_RUNPATH_SEARCH_PATHS = (
					"$(inherited)",
					"@executable_path/Frameworks",
				);
				MARKETING_VERSION = 1.0;
				PRODUCT_BUNDLE_IDENTIFIER = liang0.Weather;
				PRODUCT_NAME = "$(TARGET_NAME)";
				SWIFT_EMIT_LOC_STRINGS = YES;
				SWIFT_VERSION = 5.0;
				TARGETED_DEVICE_FAMILY = "1,2";
			};
			name = Release;
		};
/* End XCBuildConfiguration section */

/* Begin XCConfigurationList section */
		B632FD6C2B95BDB000EE2CA8 /* Build configuration list for PBXProject "Weather" */ = {
			isa = XCConfigurationList;
			buildConfigurations = (
				B632FD832B95BDB300EE2CA8 /* Debug */,
				B632FD842B95BDB300EE2CA8 /* Release */,
			);
			defaultConfigurationIsVisible = 0;
			defaultConfigurationName = Release;
		};
		B632FD852B95BDB300EE2CA8 /* Build configuration list for PBXNativeTarget "Weather" */ = {
			isa = XCConfigurationList;
			buildConfigurations = (
				B632FD862B95BDB300EE2CA8 /* Debug */,
				B632FD872B95BDB300EE2CA8 /* Release */,
			);
			defaultConfigurationIsVisible = 0;
			defaultConfigurationName = Release;
		};
/* End XCConfigurationList section */
	};
	rootObject = B632FD692B95BDB000EE2CA8 /* Project object */;
}
